{
  "requires": true,
  "lockfileVersion": 1,
  "dependencies": {
    "fuzzer": {
      "version": "0.2.1",
      "resolved": "https://registry.npmjs.org/fuzzer/-/fuzzer-0.2.1.tgz",
      "integrity": "sha1-ILFVEr5UVKVBP6InoWBtO8oCIZk=",
      "requires": {
        "random-js": "1.0.2",
        "traverse": "~0.6.6",
        "xtend": "~2.2.0"
      }
    },
    "random-js": {
      "version": "1.0.2",
      "resolved": "https://registry.npmjs.org/random-js/-/random-js-1.0.2.tgz",
      "integrity": "sha1-oBBIgvqm2kOSL+/aZYMwxJ0jLOc="
    },
    "traverse": {
      "version": "0.6.6",
      "resolved": "https://registry.npmjs.org/traverse/-/traverse-0.6.6.tgz",
      "integrity": "sha1-y99WD9e5r2MlAv7UD5GMFX6pcTc="
    },
    "xtend": {
      "version": "2.2.0",
      "resolved": "https://registry.npmjs.org/xtend/-/xtend-2.2.0.tgz",
      "integrity": "sha1-7vax8ZjByN6vrYsXZaBNrUoBxak="
    }
  }
}
